
Microsoft Visual Studio Solution File, Format Version 12.00
# Visual Studio Version 17
VisualStudioVersion = 17.0.31903.59
MinimumVisualStudioVersion = 10.0.40219.1
Project("{FAE04EC0-301F-11D3-BF4B-00C04F79EFBC}") = "Demo.Library", "Demo.Library\Demo.Library.csproj", "{9FD90238-6A52-489B-BB37-D2F44A64F946}"
EndProject
Project("{9A19103F-16F7-4668-BE54-9A1E7A4F7556}") = "_build", "build\_build.csproj", "{1DAE5321-F16F-40EA-82C2-20781A51BC48}"
EndProject
Global
	GlobalSection(SolutionConfigurationPlatforms) = preSolution
		Debug|Any CPU = Debug|Any CPU
		Release|Any CPU = Release|Any CPU
	EndGlobalSection
	GlobalSection(SolutionProperties) = preSolution
		HideSolutionNode = FALSE
	EndGlobalSection
	GlobalSection(ProjectConfigurationPlatforms) = postSolution
		{1DAE5321-F16F-40EA-82C2-20781A51BC48}.Debug|Any CPU.ActiveCfg = Debug|Any CPU
		{1DAE5321-F16F-40EA-82C2-20781A51BC48}.Release|Any CPU.ActiveCfg = Release|Any CPU
		{9FD90238-6A52-489B-BB37-D2F44A64F946}.Debug|Any CPU.ActiveCfg = Debug|Any CPU
		{9FD90238-6A52-489B-BB37-D2F44A64F946}.Debug|Any CPU.Build.0 = Debug|Any CPU
		{9FD90238-6A52-489B-BB37-D2F44A64F946}.Release|Any CPU.ActiveCfg = Release|Any CPU
		{9FD90238-6A52-489B-BB37-D2F44A64F946}.Release|Any CPU.Build.0 = Release|Any CPU
	EndGlobalSection
EndGlobal
